
Microsoft Visual Studio Solution File, Format Version 12.00
# Visual Studio Version 17
VisualStudioVersion = 17.1.32421.90
MinimumVisualStudioVersion = 10.0.40219.1
Project("{FAE04EC0-301F-11D3-BF4B-00C04F79EFBC}") = "QuartzWebApi.Tests", "QuartzWebApi.Tests\QuartzWebApi.Tests.csproj", "{E99AABC4-F815-487A-8EFE-5625E7A07F64}"
EndProject
Project("{9A19103F-16F7-4668-BE54-9A1E7A4F7556}") = "QuartzWebApi", "QuartzWebApi\QuartzWebApi.csproj", "{D95E8519-CA6C-4E08-BF4C-2F2EE4FFF728}"
EndProject
Project("{9A19103F-16F7-4668-BE54-9A1E7A4F7556}") = "ConsoleApp", "ConsoleApp\ConsoleApp.csproj", "{F2403D6D-C13D-45C7-A03F-3215F61FEA14}"
EndProject
Project("{FAE04EC0-301F-11D3-BF4B-00C04F79EFBC}") = "ConsoleAppNET", "ConsoleAppNET\ConsoleAppNET.csproj", "{5C27C0B4-2E28-46A5-BD4C-54F51D5041F0}"
EndProject
Global
	GlobalSection(SolutionConfigurationPlatforms) = preSolution
		Debug|Any CPU = Debug|Any CPU
		Release|Any CPU = Release|Any CPU
	EndGlobalSection
	GlobalSection(ProjectConfigurationPlatforms) = postSolution
		{E99AABC4-F815-487A-8EFE-5625E7A07F64}.Debug|Any CPU.ActiveCfg = Debug|Any CPU
		{E99AABC4-F815-487A-8EFE-5625E7A07F64}.Debug|Any CPU.Build.0 = Debug|Any CPU
		{E99AABC4-F815-487A-8EFE-5625E7A07F64}.Release|Any CPU.ActiveCfg = Release|Any CPU
		{E99AABC4-F815-487A-8EFE-5625E7A07F64}.Release|Any CPU.Build.0 = Release|Any CPU
		{D95E8519-CA6C-4E08-BF4C-2F2EE4FFF728}.Debug|Any CPU.ActiveCfg = Debug|Any CPU
		{D95E8519-CA6C-4E08-BF4C-2F2EE4FFF728}.Debug|Any CPU.Build.0 = Debug|Any CPU
		{D95E8519-CA6C-4E08-BF4C-2F2EE4FFF728}.Release|Any CPU.ActiveCfg = Release|Any CPU
		{D95E8519-CA6C-4E08-BF4C-2F2EE4FFF728}.Release|Any CPU.Build.0 = Release|Any CPU
		{F2403D6D-C13D-45C7-A03F-3215F61FEA14}.Debug|Any CPU.ActiveCfg = Debug|Any CPU
		{F2403D6D-C13D-45C7-A03F-3215F61FEA14}.Debug|Any CPU.Build.0 = Debug|Any CPU
		{F2403D6D-C13D-45C7-A03F-3215F61FEA14}.Release|Any CPU.ActiveCfg = Release|Any CPU
		{F2403D6D-C13D-45C7-A03F-3215F61FEA14}.Release|Any CPU.Build.0 = Release|Any CPU
		{5C27C0B4-2E28-46A5-BD4C-54F51D5041F0}.Debug|Any CPU.ActiveCfg = Debug|Any CPU
		{5C27C0B4-2E28-46A5-BD4C-54F51D5041F0}.Debug|Any CPU.Build.0 = Debug|Any CPU
		{5C27C0B4-2E28-46A5-BD4C-54F51D5041F0}.Release|Any CPU.ActiveCfg = Release|Any CPU
		{5C27C0B4-2E28-46A5-BD4C-54F51D5041F0}.Release|Any CPU.Build.0 = Release|Any CPU
	EndGlobalSection
	GlobalSection(SolutionProperties) = preSolution
		HideSolutionNode = FALSE
	EndGlobalSection
	GlobalSection(ExtensibilityGlobals) = postSolution
		SolutionGuid = {AE16B40F-D3D7-4C75-A620-2874AF2D00F7}
	EndGlobalSection
EndGlobal
